
Microsoft Visual Studio Solution File, Format Version 12.00
# Visual Studio Version 17
VisualStudioVersion = 17.0.32112.339
MinimumVisualStudioVersion = 10.0.40219.1
Project("{9A19103F-16F7-4668-BE54-9A1E7A4F7556}") = "OcelotGateWay", "OcelotGateWay\OcelotGateWay.csproj", "{B21F336D-88C1-4ABF-8F9A-5A69E6B3B64B}"
EndProject
Project("{9A19103F-16F7-4668-BE54-9A1E7A4F7556}") = "PlayerAuthentication", "PlayerAuthentication\PlayerAuthentication.csproj", "{DA0AE2FD-37B5-4781-B742-7D60F0B482D5}"
	ProjectSection(ProjectDependencies) = postProject
		{32A91724-7681-4861-BDD2-87D8362017FB} = {32A91724-7681-4861-BDD2-87D8362017FB}
		{C53D5D59-778C-4F3D-9993-B255546F774B} = {C53D5D59-778C-4F3D-9993-B255546F774B}
		{C605E375-A209-485F-A3BE-8E59E5DB9023} = {C605E375-A209-485F-A3BE-8E59E5DB9023}
	EndProjectSection
EndProject
Project("{9A19103F-16F7-4668-BE54-9A1E7A4F7556}") = "LeaderBoard", "LeaderBoard\LeaderBoard.csproj", "{430E7D6B-1414-4E7D-AAEB-3B37E1151CA5}"
	ProjectSection(ProjectDependencies) = postProject
		{32A91724-7681-4861-BDD2-87D8362017FB} = {32A91724-7681-4861-BDD2-87D8362017FB}
		{C605E375-A209-485F-A3BE-8E59E5DB9023} = {C605E375-A209-485F-A3BE-8E59E5DB9023}
	EndProjectSection
EndProject
Project("{9A19103F-16F7-4668-BE54-9A1E7A4F7556}") = "MatchServer", "MatchServer\MatchServer.csproj", "{E0795F07-8C4A-4803-AC0D-CDAA8A6BABA2}"
	ProjectSection(ProjectDependencies) = postProject
		{32A91724-7681-4861-BDD2-87D8362017FB} = {32A91724-7681-4861-BDD2-87D8362017FB}
		{C605E375-A209-485F-A3BE-8E59E5DB9023} = {C605E375-A209-485F-A3BE-8E59E5DB9023}
	EndProjectSection
EndProject
Project("{9A19103F-16F7-4668-BE54-9A1E7A4F7556}") = "SharedModels", "SharedModels\SharedModels.csproj", "{C605E375-A209-485F-A3BE-8E59E5DB9023}"
EndProject
Project("{9A19103F-16F7-4668-BE54-9A1E7A4F7556}") = "SharedUtility", "SharedUtility\SharedUtility.csproj", "{32A91724-7681-4861-BDD2-87D8362017FB}"
EndProject
Project("{9A19103F-16F7-4668-BE54-9A1E7A4F7556}") = "AuthoritativeGameMechanics", "AuthoritativeGameMechanics\AuthoritativeGameMechanics.csproj", "{CB8AFD7B-BC87-41EF-B163-30E880780976}"
	ProjectSection(ProjectDependencies) = postProject
		{32A91724-7681-4861-BDD2-87D8362017FB} = {32A91724-7681-4861-BDD2-87D8362017FB}
		{C605E375-A209-485F-A3BE-8E59E5DB9023} = {C605E375-A209-485F-A3BE-8E59E5DB9023}
	EndProjectSection
EndProject
Project("{9A19103F-16F7-4668-BE54-9A1E7A4F7556}") = "SharedRepository", "SharedRepository\SharedRepository.csproj", "{C53D5D59-778C-4F3D-9993-B255546F774B}"
EndProject
Project("{9A19103F-16F7-4668-BE54-9A1E7A4F7556}") = "LeaderBoard.Tests", "LeaderBoard.Tests\LeaderBoard.Tests.csproj", "{299B43AA-CF7F-4989-86FE-161B4E8D2072}"
EndProject
Project("{9A19103F-16F7-4668-BE54-9A1E7A4F7556}") = "PlayerAuthentication.Tests.Integration", "PlayerAuthentication.Tests.Integration\PlayerAuthentication.Tests.Integration.csproj", "{7C6DE1BD-224F-43BD-B5D0-FA9A9EE8CE29}"
	ProjectSection(ProjectDependencies) = postProject
		{DA0AE2FD-37B5-4781-B742-7D60F0B482D5} = {DA0AE2FD-37B5-4781-B742-7D60F0B482D5}
	EndProjectSection
EndProject
Project("{9A19103F-16F7-4668-BE54-9A1E7A4F7556}") = "MatchServer.Tests", "MatchServer.Tests\MatchServer.Tests.csproj", "{35A9C448-C20F-4BF3-BB14-7999ABA77C2E}"
EndProject
Project("{9A19103F-16F7-4668-BE54-9A1E7A4F7556}") = "PlayerAuthentication.Tests", "PlayerAuthentication.Tests\PlayerAuthentication.Tests.csproj", "{9CB68932-5370-4CF8-8E29-1A633FB1632B}"
EndProject
Project("{FAE04EC0-301F-11D3-BF4B-00C04F79EFBC}") = "LeaderBoard.Tests.Integration", "LeaderBoard.Tests.Integration\LeaderBoard.Tests.Integration.csproj", "{F8A5A407-EB9F-4B33-B70C-AE477D9C11C7}"
EndProject
Global
	GlobalSection(SolutionConfigurationPlatforms) = preSolution
		Debug|Any CPU = Debug|Any CPU
		Release|Any CPU = Release|Any CPU
	EndGlobalSection
	GlobalSection(ProjectConfigurationPlatforms) = postSolution
		{B21F336D-88C1-4ABF-8F9A-5A69E6B3B64B}.Debug|Any CPU.ActiveCfg = Debug|Any CPU
		{B21F336D-88C1-4ABF-8F9A-5A69E6B3B64B}.Debug|Any CPU.Build.0 = Debug|Any CPU
		{B21F336D-88C1-4ABF-8F9A-5A69E6B3B64B}.Release|Any CPU.ActiveCfg = Release|Any CPU
		{B21F336D-88C1-4ABF-8F9A-5A69E6B3B64B}.Release|Any CPU.Build.0 = Release|Any CPU
		{DA0AE2FD-37B5-4781-B742-7D60F0B482D5}.Debug|Any CPU.ActiveCfg = Debug|Any CPU
		{DA0AE2FD-37B5-4781-B742-7D60F0B482D5}.Debug|Any CPU.Build.0 = Debug|Any CPU
		{DA0AE2FD-37B5-4781-B742-7D60F0B482D5}.Release|Any CPU.ActiveCfg = Release|Any CPU
		{DA0AE2FD-37B5-4781-B742-7D60F0B482D5}.Release|Any CPU.Build.0 = Release|Any CPU
		{430E7D6B-1414-4E7D-AAEB-3B37E1151CA5}.Debug|Any CPU.ActiveCfg = Debug|Any CPU
		{430E7D6B-1414-4E7D-AAEB-3B37E1151CA5}.Debug|Any CPU.Build.0 = Debug|Any CPU
		{430E7D6B-1414-4E7D-AAEB-3B37E1151CA5}.Release|Any CPU.ActiveCfg = Release|Any CPU
		{430E7D6B-1414-4E7D-AAEB-3B37E1151CA5}.Release|Any CPU.Build.0 = Release|Any CPU
		{E0795F07-8C4A-4803-AC0D-CDAA8A6BABA2}.Debug|Any CPU.ActiveCfg = Debug|Any CPU
		{E0795F07-8C4A-4803-AC0D-CDAA8A6BABA2}.Debug|Any CPU.Build.0 = Debug|Any CPU
		{E0795F07-8C4A-4803-AC0D-CDAA8A6BABA2}.Release|Any CPU.ActiveCfg = Release|Any CPU
		{E0795F07-8C4A-4803-AC0D-CDAA8A6BABA2}.Release|Any CPU.Build.0 = Release|Any CPU
		{C605E375-A209-485F-A3BE-8E59E5DB9023}.Debug|Any CPU.ActiveCfg = Debug|Any CPU
		{C605E375-A209-485F-A3BE-8E59E5DB9023}.Debug|Any CPU.Build.0 = Debug|Any CPU
		{C605E375-A209-485F-A3BE-8E59E5DB9023}.Release|Any CPU.ActiveCfg = Release|Any CPU
		{C605E375-A209-485F-A3BE-8E59E5DB9023}.Release|Any CPU.Build.0 = Release|Any CPU
		{32A91724-7681-4861-BDD2-87D8362017FB}.Debug|Any CPU.ActiveCfg = Debug|Any CPU
		{32A91724-7681-4861-BDD2-87D8362017FB}.Debug|Any CPU.Build.0 = Debug|Any CPU
		{32A91724-7681-4861-BDD2-87D8362017FB}.Release|Any CPU.ActiveCfg = Release|Any CPU
		{32A91724-7681-4861-BDD2-87D8362017FB}.Release|Any CPU.Build.0 = Release|Any CPU
		{CB8AFD7B-BC87-41EF-B163-30E880780976}.Debug|Any CPU.ActiveCfg = Debug|Any CPU
		{CB8AFD7B-BC87-41EF-B163-30E880780976}.Debug|Any CPU.Build.0 = Debug|Any CPU
		{CB8AFD7B-BC87-41EF-B163-30E880780976}.Release|Any CPU.ActiveCfg = Release|Any CPU
		{CB8AFD7B-BC87-41EF-B163-30E880780976}.Release|Any CPU.Build.0 = Release|Any CPU
		{C53D5D59-778C-4F3D-9993-B255546F774B}.Debug|Any CPU.ActiveCfg = Debug|Any CPU
		{C53D5D59-778C-4F3D-9993-B255546F774B}.Debug|Any CPU.Build.0 = Debug|Any CPU
		{C53D5D59-778C-4F3D-9993-B255546F774B}.Release|Any CPU.ActiveCfg = Release|Any CPU
		{C53D5D59-778C-4F3D-9993-B255546F774B}.Release|Any CPU.Build.0 = Release|Any CPU
		{299B43AA-CF7F-4989-86FE-161B4E8D2072}.Debug|Any CPU.ActiveCfg = Debug|Any CPU
		{299B43AA-CF7F-4989-86FE-161B4E8D2072}.Debug|Any CPU.Build.0 = Debug|Any CPU
		{299B43AA-CF7F-4989-86FE-161B4E8D2072}.Release|Any CPU.ActiveCfg = Release|Any CPU
		{299B43AA-CF7F-4989-86FE-161B4E8D2072}.Release|Any CPU.Build.0 = Release|Any CPU
		{7C6DE1BD-224F-43BD-B5D0-FA9A9EE8CE29}.Debug|Any CPU.ActiveCfg = Debug|Any CPU
		{7C6DE1BD-224F-43BD-B5D0-FA9A9EE8CE29}.Debug|Any CPU.Build.0 = Debug|Any CPU
		{7C6DE1BD-224F-43BD-B5D0-FA9A9EE8CE29}.Release|Any CPU.ActiveCfg = Release|Any CPU
		{7C6DE1BD-224F-43BD-B5D0-FA9A9EE8CE29}.Release|Any CPU.Build.0 = Release|Any CPU
		{35A9C448-C20F-4BF3-BB14-7999ABA77C2E}.Debug|Any CPU.ActiveCfg = Debug|Any CPU
		{35A9C448-C20F-4BF3-BB14-7999ABA77C2E}.Debug|Any CPU.Build.0 = Debug|Any CPU
		{35A9C448-C20F-4BF3-BB14-7999ABA77C2E}.Release|Any CPU.ActiveCfg = Release|Any CPU
		{35A9C448-C20F-4BF3-BB14-7999ABA77C2E}.Release|Any CPU.Build.0 = Release|Any CPU
		{9CB68932-5370-4CF8-8E29-1A633FB1632B}.Debug|Any CPU.ActiveCfg = Debug|Any CPU
		{9CB68932-5370-4CF8-8E29-1A633FB1632B}.Debug|Any CPU.Build.0 = Debug|Any CPU
		{9CB68932-5370-4CF8-8E29-1A633FB1632B}.Release|Any CPU.ActiveCfg = Release|Any CPU
		{9CB68932-5370-4CF8-8E29-1A633FB1632B}.Release|Any CPU.Build.0 = Release|Any CPU
		{F8A5A407-EB9F-4B33-B70C-AE477D9C11C7}.Debug|Any CPU.ActiveCfg = Debug|Any CPU
		{F8A5A407-EB9F-4B33-B70C-AE477D9C11C7}.Debug|Any CPU.Build.0 = Debug|Any CPU
		{F8A5A407-EB9F-4B33-B70C-AE477D9C11C7}.Release|Any CPU.ActiveCfg = Release|Any CPU
		{F8A5A407-EB9F-4B33-B70C-AE477D9C11C7}.Release|Any CPU.Build.0 = Release|Any CPU
	EndGlobalSection
	GlobalSection(SolutionProperties) = preSolution
		HideSolutionNode = FALSE
	EndGlobalSection
	GlobalSection(ExtensibilityGlobals) = postSolution
		SolutionGuid = {0F589940-6896-4356-B05A-2F8BD4EA7091}
	EndGlobalSection
EndGlobal
